
Microsoft Visual Studio Solution File, Format Version 12.00
# Visual Studio Version 16
VisualStudioVersion = 16.0.31129.286
MinimumVisualStudioVersion = 10.0.40219.1
Project("{FAE04EC0-301F-11D3-BF4B-00C04F79EFBC}") = "Business", "Business\Business.csproj", "{DF54C96A-DDA9-4B5C-ABD5-354E33BCB7E7}"
EndProject
Project("{FAE04EC0-301F-11D3-BF4B-00C04F79EFBC}") = "DataAccess", "DataAccess\DataAccess.csproj", "{C884D672-0917-4EDE-8135-D6C7A45C1670}"
EndProject
Project("{FAE04EC0-301F-11D3-BF4B-00C04F79EFBC}") = "Entities", "Entities\Entities.csproj", "{1C61C96E-2F07-4B5C-B4D9-E48E45320D94}"
EndProject
Project("{FAE04EC0-301F-11D3-BF4B-00C04F79EFBC}") = "WebAPI", "WebAPI\WebAPI.csproj", "{1C171517-653C-457E-B6B6-DE8DB0749B89}"
EndProject
Project("{FAE04EC0-301F-11D3-BF4B-00C04F79EFBC}") = "Core", "Core\Core.csproj", "{68830817-493F-46B1-8177-79844BE3298C}"
EndProject
Global
	GlobalSection(SolutionConfigurationPlatforms) = preSolution
		Debug|Any CPU = Debug|Any CPU
		Release|Any CPU = Release|Any CPU
	EndGlobalSection
	GlobalSection(ProjectConfigurationPlatforms) = postSolution
		{DF54C96A-DDA9-4B5C-ABD5-354E33BCB7E7}.Debug|Any CPU.ActiveCfg = Debug|Any CPU
		{DF54C96A-DDA9-4B5C-ABD5-354E33BCB7E7}.Debug|Any CPU.Build.0 = Debug|Any CPU
		{DF54C96A-DDA9-4B5C-ABD5-354E33BCB7E7}.Release|Any CPU.ActiveCfg = Release|Any CPU
		{DF54C96A-DDA9-4B5C-ABD5-354E33BCB7E7}.Release|Any CPU.Build.0 = Release|Any CPU
		{C884D672-0917-4EDE-8135-D6C7A45C1670}.Debug|Any CPU.ActiveCfg = Debug|Any CPU
		{C884D672-0917-4EDE-8135-D6C7A45C1670}.Debug|Any CPU.Build.0 = Debug|Any CPU
		{C884D672-0917-4EDE-8135-D6C7A45C1670}.Release|Any CPU.ActiveCfg = Release|Any CPU
		{C884D672-0917-4EDE-8135-D6C7A45C1670}.Release|Any CPU.Build.0 = Release|Any CPU
		{1C61C96E-2F07-4B5C-B4D9-E48E45320D94}.Debug|Any CPU.ActiveCfg = Debug|Any CPU
		{1C61C96E-2F07-4B5C-B4D9-E48E45320D94}.Debug|Any CPU.Build.0 = Debug|Any CPU
		{1C61C96E-2F07-4B5C-B4D9-E48E45320D94}.Release|Any CPU.ActiveCfg = Release|Any CPU
		{1C61C96E-2F07-4B5C-B4D9-E48E45320D94}.Release|Any CPU.Build.0 = Release|Any CPU
		{1C171517-653C-457E-B6B6-DE8DB0749B89}.Debug|Any CPU.ActiveCfg = Debug|Any CPU
		{1C171517-653C-457E-B6B6-DE8DB0749B89}.Debug|Any CPU.Build.0 = Debug|Any CPU
		{1C171517-653C-457E-B6B6-DE8DB0749B89}.Release|Any CPU.ActiveCfg = Release|Any CPU
		{1C171517-653C-457E-B6B6-DE8DB0749B89}.Release|Any CPU.Build.0 = Release|Any CPU
		{68830817-493F-46B1-8177-79844BE3298C}.Debug|Any CPU.ActiveCfg = Debug|Any CPU
		{68830817-493F-46B1-8177-79844BE3298C}.Debug|Any CPU.Build.0 = Debug|Any CPU
		{68830817-493F-46B1-8177-79844BE3298C}.Release|Any CPU.ActiveCfg = Release|Any CPU
		{68830817-493F-46B1-8177-79844BE3298C}.Release|Any CPU.Build.0 = Release|Any CPU
	EndGlobalSection
	GlobalSection(SolutionProperties) = preSolution
		HideSolutionNode = FALSE
	EndGlobalSection
	GlobalSection(ExtensibilityGlobals) = postSolution
		SolutionGuid = {AD697BB0-1A96-4927-BA11-22C019FA7884}
	EndGlobalSection
EndGlobal
